// !$*UTF8*$!
{
	archiveVersion = 1;
	classes = {
	};
	objectVersion = 46;
	objects = {

/* Begin PBXBuildFile section */
		DEF499121A7EBD8600A9C0EF /* AppDelegate.swift in Sources */ = {isa = PBXBuildFile; fileRef = DEF499111A7EBD8600A9C0EF /* AppDelegate.swift */; };
		DEF499141A7EBD8600A9C0EF /* ViewController.swift in Sources */ = {isa = PBXBuildFile; fileRef = DEF499131A7EBD8600A9C0EF /* ViewController.swift */; };
		DEF499171A7EBD8600A9C0EF /* Main.storyboard in Resources */ = {isa = PBXBuildFile; fileRef = DEF499151A7EBD8600A9C0EF /* Main.storyboard */; };
		DEF499191A7EBD8600A9C0EF /* Images.xcassets in Resources */ = {isa = PBXBuildFile; fileRef = DEF499181A7EBD8600A9C0EF /* Images.xcassets */; };
		DEF4991C1A7EBD8600A9C0EF /* LaunchScreen.xib in Resources */ = {isa = PBXBuildFile; fileRef = DEF4991A1A7EBD8600A9C0EF /* LaunchScreen.xib */; };
		DEF499281A7EBD8600A9C0EF /* PostcardTests.swift in Sources */ = {isa = PBXBuildFile; fileRef = DEF499271A7EBD8600A9C0EF /* PostcardTests.swift */; };
		DEF499321A7EC44900A9C0EF /* SagradaFamilia.jpeg in Resources */ = {isa = PBXBuildFile; fileRef = DEF499311A7EC44900A9C0EF /* SagradaFamilia.jpeg */; };
		DEF499341A7EC6D700A9C0EF /* AlbertEinsteinStamp.jpg in Resources */ = {isa = PBXBuildFile; fileRef = DEF499331A7EC6D700A9C0EF /* AlbertEinsteinStamp.jpg */; };
/* End PBXBuildFile section */

/* Begin PBXContainerItemProxy section */
		DEF499221A7EBD8600A9C0EF /* PBXContainerItemProxy */ = {
			isa = PBXContainerItemProxy;
			containerPortal = DEF499041A7EBD8600A9C0EF /* Project object */;
			proxyType = 1;
			remoteGlobalIDString = DEF4990B1A7EBD8600A9C0EF;
			remoteInfo = Postcard;
		};
/* End PBXContainerItemProxy section */

/* Begin PBXFileReference section */
		DEF4990C1A7EBD8600A9C0EF /* Postcard.app */ = {isa = PBXFileReference; explicitFileType = wrapper.application; includeInIndex = 0; path = Postcard.app; sourceTree = BUILT_PRODUCTS_DIR; };
		DEF499101A7EBD8600A9C0EF /* Info.plist */ = {isa = PBXFileReference; lastKnownFileType = text.plist.xml; path = Info.plist; sourceTree = "<group>"; };
		DEF499111A7EBD8600A9C0EF /* AppDelegate.swift */ = {isa = PBXFileReference; lastKnownFileType = sourcecode.swift; path = AppDelegate.swift; sourceTree = "<group>"; };
		DEF499131A7EBD8600A9C0EF /* ViewController.swift */ = {isa = PBXFileReference; lastKnownFileType = sourcecode.swift; path = ViewController.swift; sourceTree = "<group>"; };
		DEF499161A7EBD8600A9C0EF /* Base */ = {isa = PBXFileReference; lastKnownFileType = file.storyboard; name = Base; path = Base.lproj/Main.storyboard; sourceTree = "<group>"; };
		DEF499181A7EBD8600A9C0EF /* Images.xcassets */ = {isa = PBXFileReference; lastKnownFileType = folder.assetcatalog; path = Images.xcassets; sourceTree = "<group>"; };
		DEF4991B1A7EBD8600A9C0EF /* Base */ = {isa = PBXFileReference; lastKnownFileType = file.xib; name = Base; path = Base.lproj/LaunchScreen.xib; sourceTree = "<group>"; };
		DEF499211A7EBD8600A9C0EF /* PostcardTests.xctest */ = {isa = PBXFileReference; explicitFileType = wrapper.cfbundle; includeInIndex = 0; path = PostcardTests.xctest; sourceTree = BUILT_PRODUCTS_DIR; };
		DEF499261A7EBD8600A9C0EF /* Info.plist */ = {isa = PBXFileReference; lastKnownFileType = text.plist.xml; path = Info.plist; sourceTree = "<group>"; };
		DEF499271A7EBD8600A9C0EF /* PostcardTests.swift */ = {isa = PBXFileReference; lastKnownFileType = sourcecode.swift; path = PostcardTests.swift; sourceTree = "<group>"; };
		DEF499311A7EC44900A9C0EF /* SagradaFamilia.jpeg */ = {isa = PBXFileReference; lastKnownFileType = image.jpeg; path = SagradaFamilia.jpeg; sourceTree = "<group>"; };
		DEF499331A7EC6D700A9C0EF /* AlbertEinsteinStamp.jpg */ = {isa = PBXFileReference; lastKnownFileType = image.jpeg; path = AlbertEinsteinStamp.jpg; sourceTree = "<group>"; };
/* End PBXFileReference section */

/* Begin PBXFrameworksBuildPhase section */
		DEF499091A7EBD8600A9C0EF /* Frameworks */ = {
			isa = PBXFrameworksBuildPhase;
			buildActionMask = 2147483647;
			files = (
			);
			runOnlyForDeploymentPostprocessing = 0;
		};
		DEF4991E1A7EBD8600A9C0EF /* Frameworks */ = {
			isa = PBXFrameworksBuildPhase;
			buildActionMask = 2147483647;
			files = (
			);
			runOnlyForDeploymentPostprocessing = 0;
		};
/* End PBXFrameworksBuildPhase section */

/* Begin PBXGroup section */
		DEF499031A7EBD8600A9C0EF = {
			isa = PBXGroup;
			children = (
				DEF4990E1A7EBD8600A9C0EF /* Postcard */,
				DEF499241A7EBD8600A9C0EF /* PostcardTests */,
				DEF4990D1A7EBD8600A9C0EF /* Products */,
			);
			sourceTree = "<group>";
		};
		DEF4990D1A7EBD8600A9C0EF /* Products */ = {
			isa = PBXGroup;
			children = (
				DEF4990C1A7EBD8600A9C0EF /* Postcard.app */,
				DEF499211A7EBD8600A9C0EF /* PostcardTests.xctest */,
			);
			name = Products;
			sourceTree = "<group>";
		};
		DEF4990E1A7EBD8600A9C0EF /* Postcard */ = {
			isa = PBXGroup;
			children = (
				DEF499111A7EBD8600A9C0EF /* AppDelegate.swift */,
				DEF499131A7EBD8600A9C0EF /* ViewController.swift */,
				DEF499151A7EBD8600A9C0EF /* Main.storyboard */,
				DEF499181A7EBD8600A9C0EF /* Images.xcassets */,
				DEF4991A1A7EBD8600A9C0EF /* LaunchScreen.xib */,
				DEF4990F1A7EBD8600A9C0EF /* Supporting Files */,
			);
			path = Postcard;
			sourceTree = "<group>";
		};
		DEF4990F1A7EBD8600A9C0EF /* Supporting Files */ = {
			isa = PBXGroup;
			children = (
				DEF499331A7EC6D700A9C0EF /* AlbertEinsteinStamp.jpg */,
				DEF499311A7EC44900A9C0EF /* SagradaFamilia.jpeg */,
				DEF499101A7EBD8600A9C0EF /* Info.plist */,
			);
			name = "Supporting Files";
			sourceTree = "<group>";
		};
		DEF499241A7EBD8600A9C0EF /* PostcardTests */ = {
			isa = PBXGroup;
			children = (
				DEF499271A7EBD8600A9C0EF /* PostcardTests.swift */,
				DEF499251A7EBD8600A9C0EF /* Supporting Files */,
			);
			path = PostcardTests;
			sourceTree = "<group>";
		};
		DEF499251A7EBD8600A9C0EF /* Supporting Files */ = {
			isa = PBXGroup;
			children = (
				DEF499261A7EBD8600A9C0EF /* Info.plist */,
			);
			name = "Supporting Files";
			sourceTree = "<group>";
		};
/* End PBXGroup section */

/* Begin PBXNativeTarget section */
		DEF4990B1A7EBD8600A9C0EF /* Postcard */ = {
			isa = PBXNativeTarget;
			buildConfigurationList = DEF4992B1A7EBD8600A9C0EF /* Build configuration list for PBXNativeTarget "Postcard" */;
			buildPhases = (
				DEF499081A7EBD8600A9C0EF /* Sources */,
				DEF499091A7EBD8600A9C0EF /* Frameworks */,
				DEF4990A1A7EBD8600A9C0EF /* Resources */,
			);
			buildRules = (
			);
			dependencies = (
			);
			name = Postcard;
			productName = Postcard;
			productReference = DEF4990C1A7EBD8600A9C0EF /* Postcard.app */;
			productType = "com.apple.product-type.application";
		};
		DEF499201A7EBD8600A9C0EF /* PostcardTests */ = {
			isa = PBXNativeTarget;
			buildConfigurationList = DEF4992E1A7EBD8600A9C0EF /* Build configuration list for PBXNativeTarget "PostcardTests" */;
			buildPhases = (
				DEF4991D1A7EBD8600A9C0EF /* Sources */,
				DEF4991E1A7EBD8600A9C0EF /* Frameworks */,
				DEF4991F1A7EBD8600A9C0EF /* Resources */,
			);
			buildRules = (
			);
			dependencies = (
				DEF499231A7EBD8600A9C0EF /* PBXTargetDependency */,
			);
			name = PostcardTests;
			productName = PostcardTests;
			productReference = DEF499211A7EBD8600A9C0EF /* PostcardTests.xctest */;
			productType = "com.apple.product-type.bundle.unit-test";
		};
/* End PBXNativeTarget section */

/* Begin PBXProject section */
		DEF499041A7EBD8600A9C0EF /* Project object */ = {
			isa = PBXProject;
			attributes = {
				LastUpgradeCheck = 0620;
				ORGANIZATIONNAME = "Austin Soares";
				TargetAttributes = {
					DEF4990B1A7EBD8600A9C0EF = {
						CreatedOnToolsVersion = 6.2;
						DevelopmentTeam = Q5ZUX3NC32;
					};
					DEF499201A7EBD8600A9C0EF = {
						CreatedOnToolsVersion = 6.2;
						TestTargetID = DEF4990B1A7EBD8600A9C0EF;
					};
				};
			};
			buildConfigurationList = DEF499071A7EBD8600A9C0EF /* Build configuration list for PBXProject "Postcard" */;
			compatibilityVersion = "Xcode 3.2";
			developmentRegion = English;
			hasScannedForEncodings = 0;
			knownRegions = (
				en,
				Base,
			);
			mainGroup = DEF499031A7EBD8600A9C0EF;
			productRefGroup = DEF4990D1A7EBD8600A9C0EF /* Products */;
			projectDirPath = "";
			projectRoot = "";
			targets = (
				DEF4990B1A7EBD8600A9C0EF /* Postcard */,
				DEF499201A7EBD8600A9C0EF /* PostcardTests */,
			);
		};
/* End PBXProject section */

/* Begin PBXResourcesBuildPhase section */
		DEF4990A1A7EBD8600A9C0EF /* Resources */ = {
			isa = PBXResourcesBuildPhase;
			buildActionMask = 2147483647;
			files = (
				DEF499171A7EBD8600A9C0EF /* Main.storyboard in Resources */,
				DEF499321A7EC44900A9C0EF /* SagradaFamilia.jpeg in Resources */,
				DEF499341A7EC6D700A9C0EF /* AlbertEinsteinStamp.jpg in Resources */,
				DEF4991C1A7EBD8600A9C0EF /* LaunchScreen.xib in Resources */,
				DEF499191A7EBD8600A9C0EF /* Images.xcassets in Resources */,
			);
			runOnlyForDeploymentPostprocessing = 0;
		};
		DEF4991F1A7EBD8600A9C0EF /* Resources */ = {
			isa = PBXResourcesBuildPhase;
			buildActionMask = 2147483647;
			files = (
			);
			runOnlyForDeploymentPostprocessing = 0;
		};
/* End PBXResourcesBuildPhase section */

/* Begin PBXSourcesBuildPhase section */
		DEF499081A7EBD8600A9C0EF /* Sources */ = {
			isa = PBXSourcesBuildPhase;
			buildActionMask = 2147483647;
			files = (
				DEF499141A7EBD8600A9C0EF /* ViewController.swift in Sources */,
				DEF499121A7EBD8600A9C0EF /* AppDelegate.swift in Sources */,
			);
			runOnlyForDeploymentPostprocessing = 0;
		};
		DEF4991D1A7EBD8600A9C0EF /* Sources */ = {
			isa = PBXSourcesBuildPhase;
			buildActionMask = 2147483647;
			files = (
				DEF499281A7EBD8600A9C0EF /* PostcardTests.swift in Sources */,
			);
			runOnlyForDeploymentPostprocessing = 0;
		};
/* End PBXSourcesBuildPhase section */

/* Begin PBXTargetDependency section */
		DEF499231A7EBD8600A9C0EF /* PBXTargetDependency */ = {
			isa = PBXTargetDependency;
			target = DEF4990B1A7EBD8600A9C0EF /* Postcard */;
			targetProxy = DEF499221A7EBD8600A9C0EF /* PBXContainerItemProxy */;
		};
/* End PBXTargetDependency section */

/* Begin PBXVariantGroup section */
		DEF499151A7EBD8600A9C0EF /* Main.storyboard */ = {
			isa = PBXVariantGroup;
			children = (
				DEF499161A7EBD8600A9C0EF /* Base */,
			);
			name = Main.storyboard;
			sourceTree = "<group>";
		};
		DEF4991A1A7EBD8600A9C0EF /* LaunchScreen.xib */ = {
			isa = PBXVariantGroup;
			children = (
				DEF4991B1A7EBD8600A9C0EF /* Base */,
			);
			name = LaunchScreen.xib;
			sourceTree = "<group>";
		};
/* End PBXVariantGroup section */

/* Begin XCBuildConfiguration section */
		DEF499291A7EBD8600A9C0EF /* Debug */ = {
			isa = XCBuildConfiguration;
			buildSettings = {
				ALWAYS_SEARCH_USER_PATHS = NO;
				CLANG_CXX_LANGUAGE_STANDARD = "gnu++0x";
				CLANG_CXX_LIBRARY = "libc++";
				CLANG_ENABLE_MODULES = YES;
				CLANG_ENABLE_OBJC_ARC = YES;
				CLANG_WARN_BOOL_CONVERSION = YES;
				CLANG_WARN_CONSTANT_CONVERSION = YES;
				CLANG_WARN_DIRECT_OBJC_ISA_USAGE = YES_ERROR;
				CLANG_WARN_EMPTY_BODY = YES;
				CLANG_WARN_ENUM_CONVERSION = YES;
				CLANG_WARN_INT_CONVERSION = YES;
				CLANG_WARN_OBJC_ROOT_CLASS = YES_ERROR;
				CLANG_WARN_UNREACHABLE_CODE = YES;
				CLANG_WARN__DUPLICATE_METHOD_MATCH = YES;
				"CODE_SIGN_IDENTITY[sdk=iphoneos*]" = "iPhone Developer";
				COPY_PHASE_STRIP = NO;
				ENABLE_STRICT_OBJC_MSGSEND = YES;
				GCC_C_LANGUAGE_STANDARD = gnu99;
				GCC_DYNAMIC_NO_PIC = NO;
				GCC_OPTIMIZATION_LEVEL = 0;
				GCC_PREPROCESSOR_DEFINITIONS = (
					"DEBUG=1",
					"$(inherited)",
				);
				GCC_SYMBOLS_PRIVATE_EXTERN = NO;
				GCC_WARN_64_TO_32_BIT_CONVERSION = YES;
				GCC_WARN_ABOUT_RETURN_TYPE = YES_ERROR;
				GCC_WARN_UNDECLARED_SELECTOR = YES;
				GCC_WARN_UNINITIALIZED_AUTOS = YES_AGGRESSIVE;
				GCC_WARN_UNUSED_FUNCTION = YES;
				GCC_WARN_UNUSED_VARIABLE = YES;
				IPHONEOS_DEPLOYMENT_TARGET = 8.2;
				MTL_ENABLE_DEBUG_INFO = YES;
				ONLY_ACTIVE_ARCH = YES;
				SDKROOT = iphoneos;
				SWIFT_OPTIMIZATION_LEVEL = "-Onone";
				TARGETED_DEVICE_FAMILY = "1,2";
			};
			name = Debug;
		};
		DEF4992A1A7EBD8600A9C0EF /* Release */ = {
			isa = XCBuildConfiguration;
			buildSettings = {
				ALWAYS_SEARCH_USER_PATHS = NO;
				CLANG_CXX_LANGUAGE_STANDARD = "gnu++0x";
				CLANG_CXX_LIBRARY = "libc++";
				CLANG_ENABLE_MODULES = YES;
				CLANG_ENABLE_OBJC_ARC = YES;
				CLANG_WARN_BOOL_CONVERSION = YES;
				CLANG_WARN_CONSTANT_CONVERSION = YES;
				CLANG_WARN_DIRECT_OBJC_ISA_USAGE = YES_ERROR;
				CLANG_WARN_EMPTY_BODY = YES;
				CLANG_WARN_ENUM_CONVERSION = YES;
				CLANG_WARN_INT_CONVERSION = YES;
				CLANG_WARN_OBJC_ROOT_CLASS = YES_ERROR;
				CLANG_WARN_UNREACHABLE_CODE = YES;
				CLANG_WARN__DUPLICATE_METHOD_MATCH = YES;
				"CODE_SIGN_IDENTITY[sdk=iphoneos*]" = "iPhone Developer";
				COPY_PHASE_STRIP = YES;
				ENABLE_NS_ASSERTIONS = NO;
				ENABLE_STRICT_OBJC_MSGSEND = YES;
				GCC_C_LANGUAGE_STANDARD = gnu99;
				GCC_WARN_64_TO_32_BIT_CONVERSION = YES;
				GCC_WARN_ABOUT_RETURN_TYPE = YES_ERROR;
				GCC_WARN_UNDECLARED_SELECTOR = YES;
				GCC_WARN_UNINITIALIZED_AUTOS = YES_AGGRESSIVE;
				GCC_WARN_UNUSED_FUNCTION = YES;
				GCC_WARN_UNUSED_VARIABLE = YES;
				IPHONEOS_DEPLOYMENT_TARGET = 8.2;
				MTL_ENABLE_DEBUG_INFO = NO;
				SDKROOT = iphoneos;
				TARGETED_DEVICE_FAMILY = "1,2";
				VALIDATE_PRODUCT = YES;
			};
			name = Release;
		};
		DEF4992C1A7EBD8600A9C0EF /* Debug */ = {
			isa = XCBuildConfiguration;
			buildSettings = {
				ASSETCATALOG_COMPILER_APPICON_NAME = AppIcon;
				CODE_SIGN_IDENTITY = "iPhone Developer";
				INFOPLIST_FILE = Postcard/Info.plist;
				LD_RUNPATH_SEARCH_PATHS = "$(inherited) @executable_path/Frameworks";
				PRODUCT_NAME = "$(TARGET_NAME)";
			};
			name = Debug;
		};
		DEF4992D1A7EBD8600A9C0EF /* Release */ = {
			isa = XCBuildConfiguration;
			buildSettings = {
				ASSETCATALOG_COMPILER_APPICON_NAME = AppIcon;
				CODE_SIGN_IDENTITY = "iPhone Developer";
				INFOPLIST_FILE = Postcard/Info.plist;
				LD_RUNPATH_SEARCH_PATHS = "$(inherited) @executable_path/Frameworks";
				PRODUCT_NAME = "$(TARGET_NAME)";
			};
			name = Release;
		};
		DEF4992F1A7EBD8600A9C0EF /* Debug */ = {
			isa = XCBuildConfiguration;
			buildSettings = {
				BUNDLE_LOADER = "$(TEST_HOST)";
				FRAMEWORK_SEARCH_PATHS = (
					"$(SDKROOT)/Developer/Library/Frameworks",
					"$(inherited)",
				);
				GCC_PREPROCESSOR_DEFINITIONS = (
					"DEBUG=1",
					"$(inherited)",
				);
				INFOPLIST_FILE = PostcardTests/Info.plist;
				LD_RUNPATH_SEARCH_PATHS = "$(inherited) @executable_path/Frameworks @loader_path/Frameworks";
				PRODUCT_NAME = "$(TARGET_NAME)";
				TEST_HOST = "$(BUILT_PRODUCTS_DIR)/Postcard.app/Postcard";
			};
			name = Debug;
		};
		DEF499301A7EBD8600A9C0EF /* Release */ = {
			isa = XCBuildConfiguration;
			buildSettings = {
				BUNDLE_LOADER = "$(TEST_HOST)";
				FRAMEWORK_SEARCH_PATHS = (
					"$(SDKROOT)/Developer/Library/Frameworks",
					"$(inherited)",
				);
				INFOPLIST_FILE = PostcardTests/Info.plist;
				LD_RUNPATH_SEARCH_PATHS = "$(inherited) @executable_path/Frameworks @loader_path/Frameworks";
				PRODUCT_NAME = "$(TARGET_NAME)";
				TEST_HOST = "$(BUILT_PRODUCTS_DIR)/Postcard.app/Postcard";
			};
			name = Release;
		};
/* End XCBuildConfiguration section */

/* Begin XCConfigurationList section */
		DEF499071A7EBD8600A9C0EF /* Build configuration list for PBXProject "Postcard" */ = {
			isa = XCConfigurationList;
			buildConfigurations = (
				DEF499291A7EBD8600A9C0EF /* Debug */,
				DEF4992A1A7EBD8600A9C0EF /* Release */,
			);
			defaultConfigurationIsVisible = 0;
			defaultConfigurationName = Release;
		};
		DEF4992B1A7EBD8600A9C0EF /* Build configuration list for PBXNativeTarget "Postcard" */ = {
			isa = XCConfigurationList;
			buildConfigurations = (
				DEF4992C1A7EBD8600A9C0EF /* Debug */,
				DEF4992D1A7EBD8600A9C0EF /* Release */,
			);
			defaultConfigurationIsVisible = 0;
		};
		DEF4992E1A7EBD8600A9C0EF /* Build configuration list for PBXNativeTarget "PostcardTests" */ = {
			isa = XCConfigurationList;
			buildConfigurations = (
				DEF4992F1A7EBD8600A9C0EF /* Debug */,
				DEF499301A7EBD8600A9C0EF /* Release */,
			);
			defaultConfigurationIsVisible = 0;
		};
/* End XCConfigurationList section */
	};
	rootObject = DEF499041A7EBD8600A9C0EF /* Project object */;
}
